Microsoft Visual Studio Solution File, Format Version 12.00
# Visual Studio Version 17
VisualStudioVersion = 17.5.2.0
MinimumVisualStudioVersion = 10.0.40219.1
Project("{FAE04EC0-301F-11D3-BF4B-00C04F79EFBC}") = "HandheldSite.Server", "HandheldSite.Server.csproj", "{3DBCDB6B-2677-2F6A-0C93-E7464B6784BC}"
EndProject
Global
	GlobalSection(SolutionConfigurationPlatforms) = preSolution
		Debug|Any CPU = Debug|Any CPU
		Release|Any CPU = Release|Any CPU
	EndGlobalSection
	GlobalSection(ProjectConfigurationPlatforms) = postSolution
		{3DBCDB6B-2677-2F6A-0C93-E7464B6784BC}.Debug|Any CPU.ActiveCfg = Debug|Any CPU
		{3DBCDB6B-2677-2F6A-0C93-E7464B6784BC}.Debug|Any CPU.Build.0 = Debug|Any CPU
		{3DBCDB6B-2677-2F6A-0C93-E7464B6784BC}.Release|Any CPU.ActiveCfg = Release|Any CPU
		{3DBCDB6B-2677-2F6A-0C93-E7464B6784BC}.Release|Any CPU.Build.0 = Release|Any CPU
	EndGlobalSection
	GlobalSection(SolutionProperties) = preSolution
		HideSolutionNode = FALSE
	EndGlobalSection
	GlobalSection(ExtensibilityGlobals) = postSolution
		SolutionGuid = {67430BBF-CDC9-4D3E-A891-FE1D2DF74259}
	EndGlobalSection
EndGlobal
